<Solution>
  <Folder Name="/source/">
    <Project Path="source/Application/Application.csproj" Id="f77f54ca-fff3-40d1-a2bf-0be5adcac1a1" />
    <Project Path="source/Data/Data.csproj" />
    <Project Path="source/WebApp/WebApp.csproj" Id="de3dcb65-1185-4c1e-8429-62835fbe98f3" />
  </Folder>
  <Folder Name="/test/">
    <Project Path="test/Data.UnitTests/Data.UnitTests.csproj" />
  </Folder>
</Solution>
